
Microsoft Visual Studio Solution File, Format Version 12.00
# Visual Studio Version 16
VisualStudioVersion = 16.0.31321.278
MinimumVisualStudioVersion = 10.0.40219.1
Project("{FAE04EC0-301F-11D3-BF4B-00C04F79EFBC}") = "lab4.Android", "lab4\lab4.Android\lab4.Android.csproj", "{1078525E-9FF8-4896-B597-4873CB486F89}"
EndProject
Project("{FAE04EC0-301F-11D3-BF4B-00C04F79EFBC}") = "lab4.iOS", "lab4\lab4.iOS\lab4.iOS.csproj", "{4E3E8D4C-0A06-4E15-BEE0-9C67F98D6468}"
EndProject
Project("{FAE04EC0-301F-11D3-BF4B-00C04F79EFBC}") = "lab4", "lab4\lab4\lab4.csproj", "{21A95685-647C-44E7-8B85-7E55A33ED6FD}"
EndProject
Global
	GlobalSection(SolutionConfigurationPlatforms) = preSolution
		Debug|Any CPU = Debug|Any CPU
		Debug|iPhone = Debug|iPhone
		Debug|iPhoneSimulator = Debug|iPhoneSimulator
		Release|Any CPU = Release|Any CPU
		Release|iPhone = Release|iPhone
		Release|iPhoneSimulator = Release|iPhoneSimulator
	EndGlobalSection
	GlobalSection(ProjectConfigurationPlatforms) = postSolution
		{1078525E-9FF8-4896-B597-4873CB486F89}.Debug|Any CPU.ActiveCfg = Debug|Any CPU
		{1078525E-9FF8-4896-B597-4873CB486F89}.Debug|Any CPU.Build.0 = Debug|Any CPU
		{1078525E-9FF8-4896-B597-4873CB486F89}.Debug|Any CPU.Deploy.0 = Debug|Any CPU
		{1078525E-9FF8-4896-B597-4873CB486F89}.Debug|iPhone.ActiveCfg = Debug|Any CPU
		{1078525E-9FF8-4896-B597-4873CB486F89}.Debug|iPhone.Build.0 = Debug|Any CPU
		{1078525E-9FF8-4896-B597-4873CB486F89}.Debug|iPhone.Deploy.0 = Debug|Any CPU
		{1078525E-9FF8-4896-B597-4873CB486F89}.Debug|iPhoneSimulator.ActiveCfg = Debug|Any CPU
		{1078525E-9FF8-4896-B597-4873CB486F89}.Debug|iPhoneSimulator.Build.0 = Debug|Any CPU
		{1078525E-9FF8-4896-B597-4873CB486F89}.Debug|iPhoneSimulator.Deploy.0 = Debug|Any CPU
		{1078525E-9FF8-4896-B597-4873CB486F89}.Release|Any CPU.ActiveCfg = Release|Any CPU
		{1078525E-9FF8-4896-B597-4873CB486F89}.Release|Any CPU.Build.0 = Release|Any CPU
		{1078525E-9FF8-4896-B597-4873CB486F89}.Release|Any CPU.Deploy.0 = Release|Any CPU
		{1078525E-9FF8-4896-B597-4873CB486F89}.Release|iPhone.ActiveCfg = Release|Any CPU
		{1078525E-9FF8-4896-B597-4873CB486F89}.Release|iPhone.Build.0 = Release|Any CPU
		{1078525E-9FF8-4896-B597-4873CB486F89}.Release|iPhone.Deploy.0 = Release|Any CPU
		{1078525E-9FF8-4896-B597-4873CB486F89}.Release|iPhoneSimulator.ActiveCfg = Release|Any CPU
		{1078525E-9FF8-4896-B597-4873CB486F89}.Release|iPhoneSimulator.Build.0 = Release|Any CPU
		{1078525E-9FF8-4896-B597-4873CB486F89}.Release|iPhoneSimulator.Deploy.0 = Release|Any CPU
		{4E3E8D4C-0A06-4E15-BEE0-9C67F98D6468}.Debug|Any CPU.ActiveCfg = Debug|iPhone
		{4E3E8D4C-0A06-4E15-BEE0-9C67F98D6468}.Debug|Any CPU.Build.0 = Debug|iPhone
		{4E3E8D4C-0A06-4E15-BEE0-9C67F98D6468}.Debug|Any CPU.Deploy.0 = Debug|iPhone
		{4E3E8D4C-0A06-4E15-BEE0-9C67F98D6468}.Debug|iPhone.ActiveCfg = Debug|iPhone
		{4E3E8D4C-0A06-4E15-BEE0-9C67F98D6468}.Debug|iPhone.Build.0 = Debug|iPhone
		{4E3E8D4C-0A06-4E15-BEE0-9C67F98D6468}.Debug|iPhone.Deploy.0 = Debug|iPhone
		{4E3E8D4C-0A06-4E15-BEE0-9C67F98D6468}.Debug|iPhoneSimulator.ActiveCfg = Debug|iPhoneSimulator
		{4E3E8D4C-0A06-4E15-BEE0-9C67F98D6468}.Debug|iPhoneSimulator.Build.0 = Debug|iPhoneSimulator
		{4E3E8D4C-0A06-4E15-BEE0-9C67F98D6468}.Debug|iPhoneSimulator.Deploy.0 = Debug|iPhoneSimulator
		{4E3E8D4C-0A06-4E15-BEE0-9C67F98D6468}.Release|Any CPU.ActiveCfg = Release|iPhoneSimulator
		{4E3E8D4C-0A06-4E15-BEE0-9C67F98D6468}.Release|Any CPU.Build.0 = Release|iPhoneSimulator
		{4E3E8D4C-0A06-4E15-BEE0-9C67F98D6468}.Release|Any CPU.Deploy.0 = Release|iPhoneSimulator
		{4E3E8D4C-0A06-4E15-BEE0-9C67F98D6468}.Release|iPhone.ActiveCfg = Release|iPhone
		{4E3E8D4C-0A06-4E15-BEE0-9C67F98D6468}.Release|iPhone.Build.0 = Release|iPhone
		{4E3E8D4C-0A06-4E15-BEE0-9C67F98D6468}.Release|iPhone.Deploy.0 = Release|iPhone
		{4E3E8D4C-0A06-4E15-BEE0-9C67F98D6468}.Release|iPhoneSimulator.ActiveCfg = Release|iPhoneSimulator
		{4E3E8D4C-0A06-4E15-BEE0-9C67F98D6468}.Release|iPhoneSimulator.Build.0 = Release|iPhoneSimulator
		{4E3E8D4C-0A06-4E15-BEE0-9C67F98D6468}.Release|iPhoneSimulator.Deploy.0 = Release|iPhoneSimulator
		{21A95685-647C-44E7-8B85-7E55A33ED6FD}.Debug|Any CPU.ActiveCfg = Debug|Any CPU
		{21A95685-647C-44E7-8B85-7E55A33ED6FD}.Debug|Any CPU.Build.0 = Debug|Any CPU
		{21A95685-647C-44E7-8B85-7E55A33ED6FD}.Debug|Any CPU.Deploy.0 = Debug|Any CPU
		{21A95685-647C-44E7-8B85-7E55A33ED6FD}.Debug|iPhone.ActiveCfg = Debug|Any CPU
		{21A95685-647C-44E7-8B85-7E55A33ED6FD}.Debug|iPhone.Build.0 = Debug|Any CPU
		{21A95685-647C-44E7-8B85-7E55A33ED6FD}.Debug|iPhone.Deploy.0 = Debug|Any CPU
		{21A95685-647C-44E7-8B85-7E55A33ED6FD}.Debug|iPhoneSimulator.ActiveCfg = Debug|Any CPU
		{21A95685-647C-44E7-8B85-7E55A33ED6FD}.Debug|iPhoneSimulator.Build.0 = Debug|Any CPU
		{21A95685-647C-44E7-8B85-7E55A33ED6FD}.Debug|iPhoneSimulator.Deploy.0 = Debug|Any CPU
		{21A95685-647C-44E7-8B85-7E55A33ED6FD}.Release|Any CPU.ActiveCfg = Release|Any CPU
		{21A95685-647C-44E7-8B85-7E55A33ED6FD}.Release|Any CPU.Build.0 = Release|Any CPU
		{21A95685-647C-44E7-8B85-7E55A33ED6FD}.Release|Any CPU.Deploy.0 = Release|Any CPU
		{21A95685-647C-44E7-8B85-7E55A33ED6FD}.Release|iPhone.ActiveCfg = Release|Any CPU
		{21A95685-647C-44E7-8B85-7E55A33ED6FD}.Release|iPhone.Build.0 = Release|Any CPU
		{21A95685-647C-44E7-8B85-7E55A33ED6FD}.Release|iPhone.Deploy.0 = Release|Any CPU
		{21A95685-647C-44E7-8B85-7E55A33ED6FD}.Release|iPhoneSimulator.ActiveCfg = Release|Any CPU
		{21A95685-647C-44E7-8B85-7E55A33ED6FD}.Release|iPhoneSimulator.Build.0 = Release|Any CPU
		{21A95685-647C-44E7-8B85-7E55A33ED6FD}.Release|iPhoneSimulator.Deploy.0 = Release|Any CPU
	EndGlobalSection
	GlobalSection(SolutionProperties) = preSolution
		HideSolutionNode = FALSE
	EndGlobalSection
	GlobalSection(ExtensibilityGlobals) = postSolution
		SolutionGuid = {417A1314-E603-42A7-96E6-F24F1150D4D9}
	EndGlobalSection
EndGlobal
